
Microsoft Visual Studio Solution File, Format Version 12.00
# Visual Studio Version 17
VisualStudioVersion = 17.0.31903.59
MinimumVisualStudioVersion = 10.0.40219.1
Project("{2150E333-8FDC-42A3-9474-1A3956D46DE8}") = "src", "src", "{467972CB-67E2-4847-9829-8AF9FC4BD1F9}"
EndProject
Project("{FAE04EC0-301F-11D3-BF4B-00C04F79EFBC}") = "Placer.Core", "src\Placer.Core\Placer.Core.csproj", "{185EF6D7-7006-4E13-B18E-238BBE8A5C87}"
EndProject
Project("{FAE04EC0-301F-11D3-BF4B-00C04F79EFBC}") = "Placer.Application", "src\Placer.Application\Placer.Application.csproj", "{980A3B93-6194-49B7-8E17-14E0C74B64A2}"
EndProject
Project("{FAE04EC0-301F-11D3-BF4B-00C04F79EFBC}") = "Placer.IdentityServer", "src\Placer.IdentityServer\Placer.IdentityServer.csproj", "{CC4C97CC-3358-4AAC-BEB9-F9B6B029699A}"
EndProject
Project("{FAE04EC0-301F-11D3-BF4B-00C04F79EFBC}") = "Placer.Infrastructure", "src\Placer.Infrastructure\Placer.Infrastructure.csproj", "{2B05F5DD-2A48-408A-8224-EEE22DE47ED1}"
EndProject
Project("{FAE04EC0-301F-11D3-BF4B-00C04F79EFBC}") = "Placer.Infrastructure.Data", "src\Placer.Infrastructure.Data\Placer.Infrastructure.Data.csproj", "{6914B3D9-D805-4E79-AF68-0C016122696D}"
EndProject
Project("{FAE04EC0-301F-11D3-BF4B-00C04F79EFBC}") = "Placer.Shared", "src\Placer.Shared\Placer.Shared.csproj", "{3FB0A1D9-096D-4F98-A3EC-BBB69A113601}"
EndProject
Project("{FAE04EC0-301F-11D3-BF4B-00C04F79EFBC}") = "Placer.WebAPI", "src\Placer.WebAPI\Placer.WebAPI.csproj", "{1C29140C-1400-4100-A72B-A005A0678C51}"
EndProject
Project("{FAE04EC0-301F-11D3-BF4B-00C04F79EFBC}") = "Placer.WebUI", "src\Placer.WebUI\Placer.WebUI.csproj", "{31E9A40B-DABC-40E7-8789-F75BE1EC0B43}"
EndProject
Project("{2150E333-8FDC-42A3-9474-1A3956D46DE8}") = "tests", "tests", "{0E1884F0-76F3-4731-A35B-3F89FB70F074}"
EndProject
Project("{FAE04EC0-301F-11D3-BF4B-00C04F79EFBC}") = "Placer.Tests", "tests\Placer.Tests\Placer.Tests.csproj", "{8D4B390F-1F0E-4C82-9987-B63AECAC1B24}"
EndProject
Global
	GlobalSection(SolutionConfigurationPlatforms) = preSolution
		Debug|Any CPU = Debug|Any CPU
		Release|Any CPU = Release|Any CPU
	EndGlobalSection
	GlobalSection(SolutionProperties) = preSolution
		HideSolutionNode = FALSE
	EndGlobalSection
	GlobalSection(ProjectConfigurationPlatforms) = postSolution
		{185EF6D7-7006-4E13-B18E-238BBE8A5C87}.Debug|Any CPU.ActiveCfg = Debug|Any CPU
		{185EF6D7-7006-4E13-B18E-238BBE8A5C87}.Debug|Any CPU.Build.0 = Debug|Any CPU
		{185EF6D7-7006-4E13-B18E-238BBE8A5C87}.Release|Any CPU.ActiveCfg = Release|Any CPU
		{185EF6D7-7006-4E13-B18E-238BBE8A5C87}.Release|Any CPU.Build.0 = Release|Any CPU
		{980A3B93-6194-49B7-8E17-14E0C74B64A2}.Debug|Any CPU.ActiveCfg = Debug|Any CPU
		{980A3B93-6194-49B7-8E17-14E0C74B64A2}.Debug|Any CPU.Build.0 = Debug|Any CPU
		{980A3B93-6194-49B7-8E17-14E0C74B64A2}.Release|Any CPU.ActiveCfg = Release|Any CPU
		{980A3B93-6194-49B7-8E17-14E0C74B64A2}.Release|Any CPU.Build.0 = Release|Any CPU
		{CC4C97CC-3358-4AAC-BEB9-F9B6B029699A}.Debug|Any CPU.ActiveCfg = Debug|Any CPU
		{CC4C97CC-3358-4AAC-BEB9-F9B6B029699A}.Debug|Any CPU.Build.0 = Debug|Any CPU
		{CC4C97CC-3358-4AAC-BEB9-F9B6B029699A}.Release|Any CPU.ActiveCfg = Release|Any CPU
		{CC4C97CC-3358-4AAC-BEB9-F9B6B029699A}.Release|Any CPU.Build.0 = Release|Any CPU
		{2B05F5DD-2A48-408A-8224-EEE22DE47ED1}.Debug|Any CPU.ActiveCfg = Debug|Any CPU
		{2B05F5DD-2A48-408A-8224-EEE22DE47ED1}.Debug|Any CPU.Build.0 = Debug|Any CPU
		{2B05F5DD-2A48-408A-8224-EEE22DE47ED1}.Release|Any CPU.ActiveCfg = Release|Any CPU
		{2B05F5DD-2A48-408A-8224-EEE22DE47ED1}.Release|Any CPU.Build.0 = Release|Any CPU
		{6914B3D9-D805-4E79-AF68-0C016122696D}.Debug|Any CPU.ActiveCfg = Debug|Any CPU
		{6914B3D9-D805-4E79-AF68-0C016122696D}.Debug|Any CPU.Build.0 = Debug|Any CPU
		{6914B3D9-D805-4E79-AF68-0C016122696D}.Release|Any CPU.ActiveCfg = Release|Any CPU
		{6914B3D9-D805-4E79-AF68-0C016122696D}.Release|Any CPU.Build.0 = Release|Any CPU
		{3FB0A1D9-096D-4F98-A3EC-BBB69A113601}.Debug|Any CPU.ActiveCfg = Debug|Any CPU
		{3FB0A1D9-096D-4F98-A3EC-BBB69A113601}.Debug|Any CPU.Build.0 = Debug|Any CPU
		{3FB0A1D9-096D-4F98-A3EC-BBB69A113601}.Release|Any CPU.ActiveCfg = Release|Any CPU
		{3FB0A1D9-096D-4F98-A3EC-BBB69A113601}.Release|Any CPU.Build.0 = Release|Any CPU
		{1C29140C-1400-4100-A72B-A005A0678C51}.Debug|Any CPU.ActiveCfg = Debug|Any CPU
		{1C29140C-1400-4100-A72B-A005A0678C51}.Debug|Any CPU.Build.0 = Debug|Any CPU
		{1C29140C-1400-4100-A72B-A005A0678C51}.Release|Any CPU.ActiveCfg = Release|Any CPU
		{1C29140C-1400-4100-A72B-A005A0678C51}.Release|Any CPU.Build.0 = Release|Any CPU
		{31E9A40B-DABC-40E7-8789-F75BE1EC0B43}.Debug|Any CPU.ActiveCfg = Debug|Any CPU
		{31E9A40B-DABC-40E7-8789-F75BE1EC0B43}.Debug|Any CPU.Build.0 = Debug|Any CPU
		{31E9A40B-DABC-40E7-8789-F75BE1EC0B43}.Release|Any CPU.ActiveCfg = Release|Any CPU
		{31E9A40B-DABC-40E7-8789-F75BE1EC0B43}.Release|Any CPU.Build.0 = Release|Any CPU
		{8D4B390F-1F0E-4C82-9987-B63AECAC1B24}.Debug|Any CPU.ActiveCfg = Debug|Any CPU
		{8D4B390F-1F0E-4C82-9987-B63AECAC1B24}.Debug|Any CPU.Build.0 = Debug|Any CPU
		{8D4B390F-1F0E-4C82-9987-B63AECAC1B24}.Release|Any CPU.ActiveCfg = Release|Any CPU
		{8D4B390F-1F0E-4C82-9987-B63AECAC1B24}.Release|Any CPU.Build.0 = Release|Any CPU
	EndGlobalSection
	GlobalSection(NestedProjects) = preSolution
		{185EF6D7-7006-4E13-B18E-238BBE8A5C87} = {467972CB-67E2-4847-9829-8AF9FC4BD1F9}
		{980A3B93-6194-49B7-8E17-14E0C74B64A2} = {467972CB-67E2-4847-9829-8AF9FC4BD1F9}
		{CC4C97CC-3358-4AAC-BEB9-F9B6B029699A} = {467972CB-67E2-4847-9829-8AF9FC4BD1F9}
		{2B05F5DD-2A48-408A-8224-EEE22DE47ED1} = {467972CB-67E2-4847-9829-8AF9FC4BD1F9}
		{6914B3D9-D805-4E79-AF68-0C016122696D} = {467972CB-67E2-4847-9829-8AF9FC4BD1F9}
		{3FB0A1D9-096D-4F98-A3EC-BBB69A113601} = {467972CB-67E2-4847-9829-8AF9FC4BD1F9}
		{1C29140C-1400-4100-A72B-A005A0678C51} = {467972CB-67E2-4847-9829-8AF9FC4BD1F9}
		{31E9A40B-DABC-40E7-8789-F75BE1EC0B43} = {467972CB-67E2-4847-9829-8AF9FC4BD1F9}
		{8D4B390F-1F0E-4C82-9987-B63AECAC1B24} = {0E1884F0-76F3-4731-A35B-3F89FB70F074}
	EndGlobalSection
EndGlobal
